
Microsoft Visual Studio Solution File, Format Version 12.00
# Visual Studio Version 17
VisualStudioVersion = 17.8.34330.188
MinimumVisualStudioVersion = 10.0.40219.1
Project("{FAE04EC0-301F-11D3-BF4B-00C04F79EFBC}") = "Sunucum", "Sunucum\Sunucum.csproj", "{4AB82C3C-385D-491A-9BB1-B44CB2A7B03C}"
EndProject
Global
	GlobalSection(SolutionConfigurationPlatforms) = preSolution
		Debug|Any CPU = Debug|Any CPU
		Release|Any CPU = Release|Any CPU
	EndGlobalSection
	GlobalSection(ProjectConfigurationPlatforms) = postSolution
		{4AB82C3C-385D-491A-9BB1-B44CB2A7B03C}.Debug|Any CPU.ActiveCfg = Debug|Any CPU
		{4AB82C3C-385D-491A-9BB1-B44CB2A7B03C}.Debug|Any CPU.Build.0 = Debug|Any CPU
		{4AB82C3C-385D-491A-9BB1-B44CB2A7B03C}.Release|Any CPU.ActiveCfg = Release|Any CPU
		{4AB82C3C-385D-491A-9BB1-B44CB2A7B03C}.Release|Any CPU.Build.0 = Release|Any CPU
	EndGlobalSection
	GlobalSection(SolutionProperties) = preSolution
		HideSolutionNode = FALSE
	EndGlobalSection
	GlobalSection(ExtensibilityGlobals) = postSolution
		SolutionGuid = {B9A00FB7-A951-468D-A1EC-9DB2DDF25273}
	EndGlobalSection
EndGlobal
