
Microsoft Visual Studio Solution File, Format Version 12.00
# Visual Studio Version 17
VisualStudioVersion = 17.8.34330.188
MinimumVisualStudioVersion = 10.0.40219.1
Project("{FAE04EC0-301F-11D3-BF4B-00C04F79EFBC}") = "sunucurev2", "sunucurev2\sunucurev2.csproj", "{843B1430-B640-4BE9-B29B-D219673A9399}"
EndProject
Global
	GlobalSection(SolutionConfigurationPlatforms) = preSolution
		Debug|Any CPU = Debug|Any CPU
		Release|Any CPU = Release|Any CPU
	EndGlobalSection
	GlobalSection(ProjectConfigurationPlatforms) = postSolution
		{843B1430-B640-4BE9-B29B-D219673A9399}.Debug|Any CPU.ActiveCfg = Debug|Any CPU
		{843B1430-B640-4BE9-B29B-D219673A9399}.Debug|Any CPU.Build.0 = Debug|Any CPU
		{843B1430-B640-4BE9-B29B-D219673A9399}.Release|Any CPU.ActiveCfg = Release|Any CPU
		{843B1430-B640-4BE9-B29B-D219673A9399}.Release|Any CPU.Build.0 = Release|Any CPU
	EndGlobalSection
	GlobalSection(SolutionProperties) = preSolution
		HideSolutionNode = FALSE
	EndGlobalSection
	GlobalSection(ExtensibilityGlobals) = postSolution
		SolutionGuid = {EF8645ED-F976-421A-823B-A3FDC2730757}
	EndGlobalSection
EndGlobal
